{
  "version": 1,
  "dependencies": {
    ".NETCoreApp,Version=v3.1": {
      "Microsoft.EntityFrameworkCore": {
        "type": "Direct",
        "requested": "[3.1.1, )",
        "resolved": "3.1.1",
        "contentHash": "RtDC52x7p57sG5ajCisHSRXjqQvtJgR0wUufXWNPDZCjvoqgQcbftWdh2+ogDJ5V58Qf9uhfJQSNXr0qQ597xQ==",
        "dependencies": {
          "Microsoft.Bcl.AsyncInterfaces": "1.1.0",
          "Microsoft.Bcl.HashCode": "1.1.0",
          "Microsoft.EntityFrameworkCore.Abstractions": "3.1.1",
          "Microsoft.EntityFrameworkCore.Analyzers": "3.1.1",
          "Microsoft.Extensions.Caching.Memory": "3.1.1",
          "Microsoft.Extensions.DependencyInjection": "3.1.1",
          "Microsoft.Extensions.Logging": "3.1.1",
          "System.Collections.Immutable": "1.7.0",
          "System.ComponentModel.Annotations": "4.7.0",
          "System.Diagnostics.DiagnosticSource": "4.7.0"
        }
      },
      "Microsoft.EntityFrameworkCore.Design": {
        "type": "Direct",
        "requested": "[3.1.1, )",
        "resolved": "3.1.1",
        "contentHash": "qCy5oedJEy1Hp7tr6tsgiiH+W68JQkMjDXmBcdGVexgOpt0VpcEKm+iBBJZ0I1Nbih3menlgOu0U1T4gNKi2Ew==",
        "dependencies": {
          "Microsoft.CSharp": "4.7.0",
          "Microsoft.EntityFrameworkCore.Relational": "3.1.1"
        }
      },
      "Microsoft.EntityFrameworkCore.Tools": {
        "type": "Direct",
        "requested": "[3.1.1, )",
        "resolved": "3.1.1",
        "contentHash": "rk6bBWIACTeEDFQnmslhPQYyVI4Qwy1k1XQ5NAwyZZ6Po6kGvyRs7n0tzb2M40m461vrebKhclLyR8VQYSuxig==",
        "dependencies": {
          "Microsoft.EntityFrameworkCore.Design": "3.1.1"
        }
      },
      "Microsoft.Bcl.AsyncInterfaces": {
        "type": "Transitive",
        "resolved": "1.1.0",
        "contentHash": "1Am6l4Vpn3/K32daEqZI+FFr96OlZkgwK2LcT3pZ2zWubR5zTPW3/FkO1Rat9kb7oQOa4rxgl9LJHc5tspCWfg=="
      },
      "Microsoft.Bcl.HashCode": {
        "type": "Transitive",
        "resolved": "1.1.0",
        "contentHash": "J2G1k+u5unBV+aYcwxo94ip16Rkp65pgWFb0R6zwJipzWNMgvqlWeuI7/+R+e8bob66LnSG+llLJ+z8wI94cHg=="
      },
      "Microsoft.CSharp": {
        "type": "Transitive",
        "resolved": "4.7.0",
        "contentHash": "pTj+D3uJWyN3My70i2Hqo+OXixq3Os2D1nJ2x92FFo6sk8fYS1m1WLNTs0Dc1uPaViH0YvEEwvzddQ7y4rhXmA=="
      },
      "Microsoft.EntityFrameworkCore.Abstractions": {
        "type": "Transitive",
        "resolved": "3.1.1",
        "contentHash": "X7aqgBUGmEOhDa/PKiyTGW8NDvuMk/nbxclGsZcWbrNgwanprNq4ZZOSEL4yCNFhUY4pYFnWSwnsZcKZlEttzQ=="
      },
      "Microsoft.EntityFrameworkCore.Analyzers": {
        "type": "Transitive",
        "resolved": "3.1.1",
        "contentHash": "PrB8QZih5QMRhVjXZnwpFtgm14KU2M0ewilUIQ6W/qS7ugFBSlr1vaug2XnSdd2ODyZioc7Yypp4WNfaBIQg5Q=="
      },
      "Microsoft.EntityFrameworkCore.Relational": {
        "type": "Transitive",
        "resolved": "3.1.1",
        "contentHash": "iBt59oeV97kqI6ZkdSpnUV1cC+hCGf5xqot331waiF5d5sxksLJZghkUZOLpe4yuPg3mnngXD6bPqMsLa4II5g==",
        "dependencies": {
          "Microsoft.EntityFrameworkCore": "3.1.1"
        }
      },
      "Microsoft.Extensions.Caching.Abstractions": {
        "type": "Transitive",
        "resolved": "3.1.1",
        "contentHash": "lG9qfc7Sx8KsYSmqeEV0WleGTUrzMhNuBdmkwLCOfN/IQRb3ZorullTeoaTNIgYuYM+HQsnKa0N22Lv2BpGG/Q==",
        "dependencies": {
          "Microsoft.Extensions.Primitives": "3.1.1"
        }
      },
      "Microsoft.Extensions.Caching.Memory": {
        "type": "Transitive",
        "resolved": "3.1.1",
        "contentHash": "eXKFU6dmz+0EzhlGkVnIJsG8yUIMgSdWRqSN2zLO5IhATJu4JWgUU5vYuRO/HYMCwq8aodK6lVWN7itQXwonkQ==",
        "dependencies": {
          "Microsoft.Extensions.Caching.Abstractions": "3.1.1",
          "Microsoft.Extensions.DependencyInjection.Abstractions": "3.1.1",
          "Microsoft.Extensions.Logging.Abstractions": "3.1.1",
          "Microsoft.Extensions.Options": "3.1.1"
        }
      },
      "Microsoft.Extensions.Configuration": {
        "type": "Transitive",
        "resolved": "3.1.1",
        "contentHash": "LHbdc7ZBzKOqmvGpK1EkEqpFllPa3IOrEI7dIu+BZwr6A10zBpe2XpZHeNh87DGjEfHcAItwvh/Slah8tbnr7Q==",
        "dependencies": {
          "Microsoft.Extensions.Configuration.Abstractions": "3.1.1"
        }
      },
      "Microsoft.Extensions.Configuration.Abstractions": {
        "type": "Transitive",
        "resolved": "3.1.1",
        "contentHash": "Msu6IzxV486nNmsasJQXB/c44DiVz7FqXCjIBnvmG2M8NGaVDIQra1qff9cEEkhqa+dGH+jf3mdggm8w9eX7BQ==",
        "dependencies": {
          "Microsoft.Extensions.Primitives": "3.1.1"
        }
      },
      "Microsoft.Extensions.Configuration.Binder": {
        "type": "Transitive",
        "resolved": "3.1.1",
        "contentHash": "4J+01OANCMbFEF0bu9hID3m61emMwU2m13WXYrZDCIoxneMPWdWFzpLmsMqT8kIPgCgb2+SQ/1UAQcGCH/ASIQ==",
        "dependencies": {
          "Microsoft.Extensions.Configuration": "3.1.1"
        }
      },
      "Microsoft.Extensions.DependencyInjection": {
        "type": "Transitive",
        "resolved": "3.1.1",
        "contentHash": "Jg48cM12C8iqjpFMNXWEmJR/2jnmScV8Y8txVOayycLqHatLV2Cn4wuwj56KSOc/xVWwlWmq9Y5ebDH6awnexw==",
        "dependencies": {
          "Microsoft.Extensions.DependencyInjection.Abstractions": "3.1.1"
        }
      },
      "Microsoft.Extensions.DependencyInjection.Abstractions": {
        "type": "Transitive",
        "resolved": "3.1.1",
        "contentHash": "uKZr5b4w9nQE6UAXS4PqBFbg2qe6kS+pdsCbDG2kHjUaWT/B7EOcDraoR52H/4BoBIEH3By5co6Wioru7+v9Zg=="
      },
      "Microsoft.Extensions.Logging": {
        "type": "Transitive",
        "resolved": "3.1.1",
        "contentHash": "SykGku44CIQJRM+eUzB61bGVNv0Lmgx70UAmhu1XLFXhP4I0rBSNJusfOlEpDN8T5JQsykIuM2lOd8J8nTnfAg==",
        "dependencies": {
          "Microsoft.Extensions.Configuration.Binder": "3.1.1",
          "Microsoft.Extensions.DependencyInjection": "3.1.1",
          "Microsoft.Extensions.Logging.Abstractions": "3.1.1",
          "Microsoft.Extensions.Options": "3.1.1"
        }
      },
      "Microsoft.Extensions.Logging.Abstractions": {
        "type": "Transitive",
        "resolved": "3.1.1",
        "contentHash": "4/1BLjd9Zvc87xlhfkIsAlHOgMnGJBQFIEmO3CUKLrf38nIFp3W7X+JoFiRmn20WAi5+l2sgUWS4ixaIuB3S0g=="
      },
      "Microsoft.Extensions.Options": {
        "type": "Transitive",
        "resolved": "3.1.1",
        "contentHash": "p2faCNhzXyG5oLLOV8n8dwg2rfqS4aRpIWu4qgwZMq+al3133mAQ+Hb822iwRoj3qnKM8zY4A6Jz/Vm/xWHvrA==",
        "dependencies": {
          "Microsoft.Extensions.DependencyInjection.Abstractions": "3.1.1",
          "Microsoft.Extensions.Primitives": "3.1.1"
        }
      },
      "Microsoft.Extensions.Primitives": {
        "type": "Transitive",
        "resolved": "3.1.1",
        "contentHash": "tC5Eo5DbJA+NgiIw26R5c97N02tFvtfqstUxqb/4qXPLXI2IAIWSMUkh/1c9Gw59TT9hNkLwlmLErSPlHgyJVQ=="
      },
      "System.Collections.Immutable": {
        "type": "Transitive",
        "resolved": "1.7.0",
        "contentHash": "RVSM6wZUo6L2y6P3vN6gjUtyJ2IF2RVtrepF3J7nrDKfFQd5u/SnSUFclchYQis8/k5scHy9E+fVeKVQLnnkzw=="
      },
      "System.ComponentModel.Annotations": {
        "type": "Transitive",
        "resolved": "4.7.0",
        "contentHash": "0YFqjhp/mYkDGpU0Ye1GjE53HMp9UVfGN7seGpAMttAC0C40v5gw598jCgpbBLMmCo0E5YRLBv5Z2doypO49ZQ=="
      },
      "System.Diagnostics.DiagnosticSource": {
        "type": "Transitive",
        "resolved": "4.7.0",
        "contentHash": "oJjw3uFuVDJiJNbCD8HB4a2p3NYLdt1fiT5OGsPLw+WTOuG0KpP4OXelMmmVKpClueMsit6xOlzy4wNKQFiBLg=="
      }
    }
  }
}