
Microsoft Visual Studio Solution File, Format Version 12.00
# Visual Studio Version 16
VisualStudioVersion = 16.0.28803.352
MinimumVisualStudioVersion = 10.0.40219.1
Project("{2150E333-8FDC-42A3-9474-1A3956D46DE8}") = "Solution Items", "Solution Items", "{E9B193A3-FBB1-47B6-9A90-CF61FAA096BF}"
	ProjectSection(SolutionItems) = preProject
		.editorconfig = .editorconfig
		.gitignore = .gitignore
		azure-pipelines.yml = azure-pipelines.yml
		LICENSE = LICENSE
		README.md = README.md
	EndProjectSection
EndProject
Project("{9A19103F-16F7-4668-BE54-9A1E7A4F7556}") = "NewsletterCurator.Web", "NewsletterCurator.Web\NewsletterCurator.Web.csproj", "{180C0C76-CE12-470E-84F3-5FFB0AA08163}"
EndProject
Project("{9A19103F-16F7-4668-BE54-9A1E7A4F7556}") = "NewsletterCurator.Data", "NewsletterCurator.Data\NewsletterCurator.Data.csproj", "{61C18E16-9A68-40F2-A38D-F204A96E8BA8}"
EndProject
Project("{9A19103F-16F7-4668-BE54-9A1E7A4F7556}") = "NewsletterCurator.Data.SqlServer", "NewsletterCurator.Data.SqlServer\NewsletterCurator.Data.SqlServer.csproj", "{7EEEAA97-6CE1-4C6E-A1E0-836872EEB22B}"
EndProject
Project("{9A19103F-16F7-4668-BE54-9A1E7A4F7556}") = "NewsletterCurator.HTMLScraper", "NewsletterCurator.HTMLScraper\NewsletterCurator.HTMLScraper.csproj", "{F3D9D261-91B4-4B2B-B62E-CA696F141F4B}"
EndProject
Project("{9A19103F-16F7-4668-BE54-9A1E7A4F7556}") = "NewsletterCurator.HTMLScraper.Tests", "NewsletterCurator.HTMLScraper.Tests\NewsletterCurator.HTMLScraper.Tests.csproj", "{31F35EE2-DB0B-4301-B000-AE1D09C6BF55}"
EndProject
Project("{9A19103F-16F7-4668-BE54-9A1E7A4F7556}") = "NewsletterCurator.EmailService", "NewsletterCurator.EmailService\NewsletterCurator.EmailService.csproj", "{92444D66-B90F-4BBE-B0B9-261EC8BA1267}"
EndProject
Project("{9A19103F-16F7-4668-BE54-9A1E7A4F7556}") = "NewsletterCurator.YouTubeScraper", "NewsletterCurator.YouTubeScraper\NewsletterCurator.YouTubeScraper.csproj", "{E4D85C0B-4457-432E-B1A8-B9C3A385C045}"
EndProject
Project("{9A19103F-16F7-4668-BE54-9A1E7A4F7556}") = "NewsletterCurator.Scraper.Contracts", "NewsletterCurator.Scraper.Contracts\NewsletterCurator.Scraper.Contracts.csproj", "{4A57AC02-1CFE-47A3-AADA-E758AFE8F5C2}"
EndProject
Global
	GlobalSection(SolutionConfigurationPlatforms) = preSolution
		Debug|Any CPU = Debug|Any CPU
		Release|Any CPU = Release|Any CPU
	EndGlobalSection
	GlobalSection(ProjectConfigurationPlatforms) = postSolution
		{180C0C76-CE12-470E-84F3-5FFB0AA08163}.Debug|Any CPU.ActiveCfg = Debug|Any CPU
		{180C0C76-CE12-470E-84F3-5FFB0AA08163}.Debug|Any CPU.Build.0 = Debug|Any CPU
		{180C0C76-CE12-470E-84F3-5FFB0AA08163}.Release|Any CPU.ActiveCfg = Release|Any CPU
		{180C0C76-CE12-470E-84F3-5FFB0AA08163}.Release|Any CPU.Build.0 = Release|Any CPU
		{61C18E16-9A68-40F2-A38D-F204A96E8BA8}.Debug|Any CPU.ActiveCfg = Debug|Any CPU
		{61C18E16-9A68-40F2-A38D-F204A96E8BA8}.Debug|Any CPU.Build.0 = Debug|Any CPU
		{61C18E16-9A68-40F2-A38D-F204A96E8BA8}.Release|Any CPU.ActiveCfg = Release|Any CPU
		{61C18E16-9A68-40F2-A38D-F204A96E8BA8}.Release|Any CPU.Build.0 = Release|Any CPU
		{7EEEAA97-6CE1-4C6E-A1E0-836872EEB22B}.Debug|Any CPU.ActiveCfg = Debug|Any CPU
		{7EEEAA97-6CE1-4C6E-A1E0-836872EEB22B}.Debug|Any CPU.Build.0 = Debug|Any CPU
		{7EEEAA97-6CE1-4C6E-A1E0-836872EEB22B}.Release|Any CPU.ActiveCfg = Release|Any CPU
		{7EEEAA97-6CE1-4C6E-A1E0-836872EEB22B}.Release|Any CPU.Build.0 = Release|Any CPU
		{F3D9D261-91B4-4B2B-B62E-CA696F141F4B}.Debug|Any CPU.ActiveCfg = Debug|Any CPU
		{F3D9D261-91B4-4B2B-B62E-CA696F141F4B}.Debug|Any CPU.Build.0 = Debug|Any CPU
		{F3D9D261-91B4-4B2B-B62E-CA696F141F4B}.Release|Any CPU.ActiveCfg = Release|Any CPU
		{F3D9D261-91B4-4B2B-B62E-CA696F141F4B}.Release|Any CPU.Build.0 = Release|Any CPU
		{31F35EE2-DB0B-4301-B000-AE1D09C6BF55}.Debug|Any CPU.ActiveCfg = Debug|Any CPU
		{31F35EE2-DB0B-4301-B000-AE1D09C6BF55}.Debug|Any CPU.Build.0 = Debug|Any CPU
		{31F35EE2-DB0B-4301-B000-AE1D09C6BF55}.Release|Any CPU.ActiveCfg = Release|Any CPU
		{31F35EE2-DB0B-4301-B000-AE1D09C6BF55}.Release|Any CPU.Build.0 = Release|Any CPU
		{92444D66-B90F-4BBE-B0B9-261EC8BA1267}.Debug|Any CPU.ActiveCfg = Debug|Any CPU
		{92444D66-B90F-4BBE-B0B9-261EC8BA1267}.Debug|Any CPU.Build.0 = Debug|Any CPU
		{92444D66-B90F-4BBE-B0B9-261EC8BA1267}.Release|Any CPU.ActiveCfg = Release|Any CPU
		{92444D66-B90F-4BBE-B0B9-261EC8BA1267}.Release|Any CPU.Build.0 = Release|Any CPU
		{E4D85C0B-4457-432E-B1A8-B9C3A385C045}.Debug|Any CPU.ActiveCfg = Debug|Any CPU
		{E4D85C0B-4457-432E-B1A8-B9C3A385C045}.Debug|Any CPU.Build.0 = Debug|Any CPU
		{E4D85C0B-4457-432E-B1A8-B9C3A385C045}.Release|Any CPU.ActiveCfg = Release|Any CPU
		{E4D85C0B-4457-432E-B1A8-B9C3A385C045}.Release|Any CPU.Build.0 = Release|Any CPU
		{4A57AC02-1CFE-47A3-AADA-E758AFE8F5C2}.Debug|Any CPU.ActiveCfg = Debug|Any CPU
		{4A57AC02-1CFE-47A3-AADA-E758AFE8F5C2}.Debug|Any CPU.Build.0 = Debug|Any CPU
		{4A57AC02-1CFE-47A3-AADA-E758AFE8F5C2}.Release|Any CPU.ActiveCfg = Release|Any CPU
		{4A57AC02-1CFE-47A3-AADA-E758AFE8F5C2}.Release|Any CPU.Build.0 = Release|Any CPU
	EndGlobalSection
	GlobalSection(SolutionProperties) = preSolution
		HideSolutionNode = FALSE
	EndGlobalSection
	GlobalSection(ExtensibilityGlobals) = postSolution
		SolutionGuid = {6CE101F7-4205-473D-94AD-F00DD87EC564}
	EndGlobalSection
EndGlobal
